
Microsoft Visual Studio Solution File, Format Version 12.00
# Visual Studio 15
VisualStudioVersion = 15.0.28307.136
MinimumVisualStudioVersion = 10.0.40219.1
Project("{FAE04EC0-301F-11D3-BF4B-00C04F79EFBC}") = "email", "email\email.csproj", "{954A84C3-3C53-4D93-9A39-1C7861BA9475}"
EndProject
Global
	GlobalSection(SolutionConfigurationPlatforms) = preSolution
		Debug|Any CPU = Debug|Any CPU
		Release|Any CPU = Release|Any CPU
	EndGlobalSection
	GlobalSection(ProjectConfigurationPlatforms) = postSolution
		{954A84C3-3C53-4D93-9A39-1C7861BA9475}.Debug|Any CPU.ActiveCfg = Debug|Any CPU
		{954A84C3-3C53-4D93-9A39-1C7861BA9475}.Debug|Any CPU.Build.0 = Debug|Any CPU
		{954A84C3-3C53-4D93-9A39-1C7861BA9475}.Release|Any CPU.ActiveCfg = Release|Any CPU
		{954A84C3-3C53-4D93-9A39-1C7861BA9475}.Release|Any CPU.Build.0 = Release|Any CPU
	EndGlobalSection
	GlobalSection(SolutionProperties) = preSolution
		HideSolutionNode = FALSE
	EndGlobalSection
	GlobalSection(ExtensibilityGlobals) = postSolution
		SolutionGuid = {4A8AD48C-9798-4289-9B52-2F918EF00568}
	EndGlobalSection
EndGlobal
