
Microsoft Visual Studio Solution File, Format Version 12.00
# Visual Studio 15
VisualStudioVersion = 15.0.28307.329
MinimumVisualStudioVersion = 10.0.40219.1
Project("{FAE04EC0-301F-11D3-BF4B-00C04F79EFBC}") = "mail", "mail\mail.csproj", "{D2C790C0-35F3-4F04-8A5A-2B731B89503F}"
EndProject
Global
	GlobalSection(SolutionConfigurationPlatforms) = preSolution
		Debug|Any CPU = Debug|Any CPU
		Release|Any CPU = Release|Any CPU
	EndGlobalSection
	GlobalSection(ProjectConfigurationPlatforms) = postSolution
		{D2C790C0-35F3-4F04-8A5A-2B731B89503F}.Debug|Any CPU.ActiveCfg = Debug|Any CPU
		{D2C790C0-35F3-4F04-8A5A-2B731B89503F}.Debug|Any CPU.Build.0 = Debug|Any CPU
		{D2C790C0-35F3-4F04-8A5A-2B731B89503F}.Release|Any CPU.ActiveCfg = Release|Any CPU
		{D2C790C0-35F3-4F04-8A5A-2B731B89503F}.Release|Any CPU.Build.0 = Release|Any CPU
	EndGlobalSection
	GlobalSection(SolutionProperties) = preSolution
		HideSolutionNode = FALSE
	EndGlobalSection
	GlobalSection(ExtensibilityGlobals) = postSolution
		SolutionGuid = {57B3B859-B22C-45B2-8641-A424E76EC2F2}
	EndGlobalSection
EndGlobal
